
Microsoft Visual Studio Solution File, Format Version 12.00
# Visual Studio Version 16
VisualStudioVersion = 16.0.31005.135
MinimumVisualStudioVersion = 10.0.40219.1
Project("{FAE04EC0-301F-11D3-BF4B-00C04F79EFBC}") = "TBP World Saver", "TBP World Saver.csproj", "{31EEC7BA-AA8A-49F5-BE78-6A4463B177D9}"
EndProject
Global
	GlobalSection(SolutionConfigurationPlatforms) = preSolution
		Debug|Any CPU = Debug|Any CPU
		Release|Any CPU = Release|Any CPU
	EndGlobalSection
	GlobalSection(ProjectConfigurationPlatforms) = postSolution
		{31EEC7BA-AA8A-49F5-BE78-6A4463B177D9}.Debug|Any CPU.ActiveCfg = Debug|Any CPU
		{31EEC7BA-AA8A-49F5-BE78-6A4463B177D9}.Debug|Any CPU.Build.0 = Debug|Any CPU
		{31EEC7BA-AA8A-49F5-BE78-6A4463B177D9}.Release|Any CPU.ActiveCfg = Release|Any CPU
		{31EEC7BA-AA8A-49F5-BE78-6A4463B177D9}.Release|Any CPU.Build.0 = Release|Any CPU
	EndGlobalSection
	GlobalSection(SolutionProperties) = preSolution
		HideSolutionNode = FALSE
	EndGlobalSection
	GlobalSection(ExtensibilityGlobals) = postSolution
		SolutionGuid = {FC32383A-AD47-45D4-A23D-8DA3BB08C091}
	EndGlobalSection
EndGlobal
